
Microsoft Visual Studio Solution File, Format Version 12.00
# Visual Studio Version 17
VisualStudioVersion = 17.5.002.0
MinimumVisualStudioVersion = 10.0.40219.1
Project("{9A19103F-16F7-4668-BE54-9A1E7A4F7556}") = "MQTTBackend", "MQTTBackend\MQTTBackend.csproj", "{1EA93CF5-68F3-47C0-92DA-BD55178EAB66}"
EndProject
Global
	GlobalSection(SolutionConfigurationPlatforms) = preSolution
		Debug|Any CPU = Debug|Any CPU
		Release|Any CPU = Release|Any CPU
	EndGlobalSection
	GlobalSection(ProjectConfigurationPlatforms) = postSolution
		{1EA93CF5-68F3-47C0-92DA-BD55178EAB66}.Debug|Any CPU.ActiveCfg = Debug|Any CPU
		{1EA93CF5-68F3-47C0-92DA-BD55178EAB66}.Debug|Any CPU.Build.0 = Debug|Any CPU
		{1EA93CF5-68F3-47C0-92DA-BD55178EAB66}.Release|Any CPU.ActiveCfg = Release|Any CPU
		{1EA93CF5-68F3-47C0-92DA-BD55178EAB66}.Release|Any CPU.Build.0 = Release|Any CPU
	EndGlobalSection
	GlobalSection(SolutionProperties) = preSolution
		HideSolutionNode = FALSE
	EndGlobalSection
	GlobalSection(ExtensibilityGlobals) = postSolution
		SolutionGuid = {0CD7D149-8DD8-4434-BF3E-ED1B5D2BFA1B}
	EndGlobalSection
EndGlobal
